<?xml version="1.0" encoding="UTF-8"?>
<CodeBlocks_project_file>
	<FileVersion major="1" minor="6"/>
	<Project>
		<Option title="FaNDOM"/>
		<Option makefile_is_custom="1"/>
		<Option compiler="gcc"/>
		<Option virtualFolders="CMake Files\;"/>
		<Build>
			<Target title="all">
				<Option working_dir="/home/jens/Dropbox/BafnaLab/bionano_analysis/method_development/FaNDOM"/>
				<Option type="4"/>
				<MakeCommands>
					<Build command="/usr/bin/make -f &quot;/home/jens/Dropbox/BafnaLab/bionano_analysis/method_development/FaNDOM/Makefile&quot;  VERBOSE=1 all"/>
					<CompileFile command="/usr/bin/make -f &quot;/home/jens/Dropbox/BafnaLab/bionano_analysis/method_development/FaNDOM/Makefile&quot;  VERBOSE=1 &quot;$file&quot;"/>
					<Clean command="/usr/bin/make -f &quot;/home/jens/Dropbox/BafnaLab/bionano_analysis/method_development/FaNDOM/Makefile&quot;  VERBOSE=1 clean"/>
					<DistClean command="/usr/bin/make -f &quot;/home/jens/Dropbox/BafnaLab/bionano_analysis/method_development/FaNDOM/Makefile&quot;  VERBOSE=1 clean"/>
				</MakeCommands>
			</Target>
			<Target title="rebuild_cache">
				<Option working_dir="/home/jens/Dropbox/BafnaLab/bionano_analysis/method_development/FaNDOM"/>
				<Option type="4"/>
				<MakeCommands>
					<Build command="/usr/bin/make -f &quot;/home/jens/Dropbox/BafnaLab/bionano_analysis/method_development/FaNDOM/Makefile&quot;  VERBOSE=1 rebuild_cache"/>
					<CompileFile command="/usr/bin/make -f &quot;/home/jens/Dropbox/BafnaLab/bionano_analysis/method_development/FaNDOM/Makefile&quot;  VERBOSE=1 &quot;$file&quot;"/>
					<Clean command="/usr/bin/make -f &quot;/home/jens/Dropbox/BafnaLab/bionano_analysis/method_development/FaNDOM/Makefile&quot;  VERBOSE=1 clean"/>
					<DistClean command="/usr/bin/make -f &quot;/home/jens/Dropbox/BafnaLab/bionano_analysis/method_development/FaNDOM/Makefile&quot;  VERBOSE=1 clean"/>
				</MakeCommands>
			</Target>
			<Target title="FaNDOM">
				<Option output="/home/jens/Dropbox/BafnaLab/bionano_analysis/method_development/FaNDOM/FaNDOM" prefix_auto="0" extension_auto="0"/>
				<Option working_dir="/home/jens/Dropbox/BafnaLab/bionano_analysis/method_development/FaNDOM"/>
				<Option object_output="./"/>
				<Option type="1"/>
				<Option compiler="gcc"/>
				<Compiler/>
				<MakeCommands>
					<Build command="/usr/bin/make -f &quot;/home/jens/Dropbox/BafnaLab/bionano_analysis/method_development/FaNDOM/Makefile&quot;  VERBOSE=1 FaNDOM"/>
					<CompileFile command="/usr/bin/make -f &quot;/home/jens/Dropbox/BafnaLab/bionano_analysis/method_development/FaNDOM/Makefile&quot;  VERBOSE=1 &quot;$file&quot;"/>
					<Clean command="/usr/bin/make -f &quot;/home/jens/Dropbox/BafnaLab/bionano_analysis/method_development/FaNDOM/Makefile&quot;  VERBOSE=1 clean"/>
					<DistClean command="/usr/bin/make -f &quot;/home/jens/Dropbox/BafnaLab/bionano_analysis/method_development/FaNDOM/Makefile&quot;  VERBOSE=1 clean"/>
				</MakeCommands>
			</Target>
			<Target title="FaNDOM/fast">
				<Option output="/home/jens/Dropbox/BafnaLab/bionano_analysis/method_development/FaNDOM/FaNDOM" prefix_auto="0" extension_auto="0"/>
				<Option working_dir="/home/jens/Dropbox/BafnaLab/bionano_analysis/method_development/FaNDOM"/>
				<Option object_output="./"/>
				<Option type="1"/>
				<Option compiler="gcc"/>
				<Compiler/>
				<MakeCommands>
					<Build command="/usr/bin/make -f &quot;/home/jens/Dropbox/BafnaLab/bionano_analysis/method_development/FaNDOM/Makefile&quot;  VERBOSE=1 FaNDOM/fast"/>
					<CompileFile command="/usr/bin/make -f &quot;/home/jens/Dropbox/BafnaLab/bionano_analysis/method_development/FaNDOM/Makefile&quot;  VERBOSE=1 &quot;$file&quot;"/>
					<Clean command="/usr/bin/make -f &quot;/home/jens/Dropbox/BafnaLab/bionano_analysis/method_development/FaNDOM/Makefile&quot;  VERBOSE=1 clean"/>
					<DistClean command="/usr/bin/make -f &quot;/home/jens/Dropbox/BafnaLab/bionano_analysis/method_development/FaNDOM/Makefile&quot;  VERBOSE=1 clean"/>
				</MakeCommands>
			</Target>
			<Target title="edit_cache">
				<Option working_dir="/home/jens/Dropbox/BafnaLab/bionano_analysis/method_development/FaNDOM"/>
				<Option type="4"/>
				<MakeCommands>
					<Build command="/usr/bin/make -f &quot;/home/jens/Dropbox/BafnaLab/bionano_analysis/method_development/FaNDOM/Makefile&quot;  VERBOSE=1 edit_cache"/>
					<CompileFile command="/usr/bin/make -f &quot;/home/jens/Dropbox/BafnaLab/bionano_analysis/method_development/FaNDOM/Makefile&quot;  VERBOSE=1 &quot;$file&quot;"/>
					<Clean command="/usr/bin/make -f &quot;/home/jens/Dropbox/BafnaLab/bionano_analysis/method_development/FaNDOM/Makefile&quot;  VERBOSE=1 clean"/>
					<DistClean command="/usr/bin/make -f &quot;/home/jens/Dropbox/BafnaLab/bionano_analysis/method_development/FaNDOM/Makefile&quot;  VERBOSE=1 clean"/>
				</MakeCommands>
			</Target>
		</Build>
		<Unit filename="/home/jens/Dropbox/BafnaLab/bionano_analysis/method_development/FaNDOM/OMHelper.cpp">
			<Option target="FaNDOM"/>
		</Unit>
		<Unit filename="/home/jens/Dropbox/BafnaLab/bionano_analysis/method_development/FaNDOM/OMHelper.h">
			<Option target="FaNDOM"/>
		</Unit>
		<Unit filename="/home/jens/Dropbox/BafnaLab/bionano_analysis/method_development/FaNDOM/OMIO.cpp">
			<Option target="FaNDOM"/>
		</Unit>
		<Unit filename="/home/jens/Dropbox/BafnaLab/bionano_analysis/method_development/FaNDOM/OMIO.h">
			<Option target="FaNDOM"/>
		</Unit>
		<Unit filename="/home/jens/Dropbox/BafnaLab/bionano_analysis/method_development/FaNDOM/fandomAligner.cpp">
			<Option target="FaNDOM"/>
		</Unit>
		<Unit filename="/home/jens/Dropbox/BafnaLab/bionano_analysis/method_development/FaNDOM/fandomAligner.h">
			<Option target="FaNDOM"/>
		</Unit>
		<Unit filename="/home/jens/Dropbox/BafnaLab/bionano_analysis/method_development/FaNDOM/main.cpp">
			<Option target="FaNDOM"/>
		</Unit>
		<Unit filename="/home/jens/Dropbox/BafnaLab/bionano_analysis/method_development/FaNDOM/threadsafe_queue.h">
			<Option target="FaNDOM"/>
		</Unit>
		<Unit filename="/home/jens/Dropbox/BafnaLab/bionano_analysis/method_development/FaNDOM/CMakeLists.txt">
			<Option virtualFolder="CMake Files\"/>
		</Unit>
	</Project>
</CodeBlocks_project_file>
